// !$*UTF8*$!
{
	archiveVersion = 1;
	classes = {
	};
	objectVersion = 56;
	objects = {

/* Begin PBXBuildFile section */
		AD6E6C1D2BC2A14300CF9D2C /* main.m in Sources */ = {isa = PBXBuildFile; fileRef = AD6E6C1C2BC2A14300CF9D2C /* main.m */; };
		AD6E6C252BC4E5BC00CF9D2C /* LearnLogic.m in Sources */ = {isa = PBXBuildFile; fileRef = AD6E6C242BC4E5BC00CF9D2C /* LearnLogic.m */; };
		ADE404972BC63AC700F7570A /* ThreeSum.m in Sources */ = {isa = PBXBuildFile; fileRef = ADE404962BC63AC700F7570A /* ThreeSum.m */; };
		ADE4049F2BC6BEBB00F7570A /* ThreeSumClosest.m in Sources */ = {isa = PBXBuildFile; fileRef = ADE4049E2BC6BEBB00F7570A /* ThreeSumClosest.m */; };
		ADE404A22BC6C07600F7570A /* BaseTool.m in Sources */ = {isa = PBXBuildFile; fileRef = ADE404A12BC6C07600F7570A /* BaseTool.m */; };
		ADE404A72BC7E82100F7570A /* NumIsland.m in Sources */ = {isa = PBXBuildFile; fileRef = ADE404A62BC7E82100F7570A /* NumIsland.m */; };
/* End PBXBuildFile section */

/* Begin PBXCopyFilesBuildPhase section */
		AD6E6C172BC2A14300CF9D2C /* CopyFiles */ = {
			isa = PBXCopyFilesBuildPhase;
			buildActionMask = 2147483647;
			dstPath = /usr/share/man/man1/;
			dstSubfolderSpec = 0;
			files = (
			);
			runOnlyForDeploymentPostprocessing = 1;
		};
/* End PBXCopyFilesBuildPhase section */

/* Begin PBXFileReference section */
		AD6E6C192BC2A14300CF9D2C /* LearnLogic_oc */ = {isa = PBXFileReference; explicitFileType = "compiled.mach-o.executable"; includeInIndex = 0; path = LearnLogic_oc; sourceTree = BUILT_PRODUCTS_DIR; };
		AD6E6C1C2BC2A14300CF9D2C /* main.m */ = {isa = PBXFileReference; lastKnownFileType = sourcecode.c.objc; path = main.m; sourceTree = "<group>"; };
		AD6E6C232BC4E5BC00CF9D2C /* LearnLogic.h */ = {isa = PBXFileReference; lastKnownFileType = sourcecode.c.h; path = LearnLogic.h; sourceTree = "<group>"; };
		AD6E6C242BC4E5BC00CF9D2C /* LearnLogic.m */ = {isa = PBXFileReference; lastKnownFileType = sourcecode.c.objc; path = LearnLogic.m; sourceTree = "<group>"; };
		ADE404952BC63AC700F7570A /* ThreeSum.h */ = {isa = PBXFileReference; lastKnownFileType = sourcecode.c.h; path = ThreeSum.h; sourceTree = "<group>"; };
		ADE404962BC63AC700F7570A /* ThreeSum.m */ = {isa = PBXFileReference; lastKnownFileType = sourcecode.c.objc; path = ThreeSum.m; sourceTree = "<group>"; };
		ADE4049D2BC6BEBB00F7570A /* ThreeSumClosest.h */ = {isa = PBXFileReference; lastKnownFileType = sourcecode.c.h; path = ThreeSumClosest.h; sourceTree = "<group>"; };
		ADE4049E2BC6BEBB00F7570A /* ThreeSumClosest.m */ = {isa = PBXFileReference; lastKnownFileType = sourcecode.c.objc; path = ThreeSumClosest.m; sourceTree = "<group>"; };
		ADE404A02BC6C07600F7570A /* BaseTool.h */ = {isa = PBXFileReference; lastKnownFileType = sourcecode.c.h; path = BaseTool.h; sourceTree = "<group>"; };
		ADE404A12BC6C07600F7570A /* BaseTool.m */ = {isa = PBXFileReference; lastKnownFileType = sourcecode.c.objc; path = BaseTool.m; sourceTree = "<group>"; };
		ADE404A52BC7E82100F7570A /* NumIsland.h */ = {isa = PBXFileReference; lastKnownFileType = sourcecode.c.h; path = NumIsland.h; sourceTree = "<group>"; };
		ADE404A62BC7E82100F7570A /* NumIsland.m */ = {isa = PBXFileReference; lastKnownFileType = sourcecode.c.objc; path = NumIsland.m; sourceTree = "<group>"; };
/* End PBXFileReference section */

/* Begin PBXFrameworksBuildPhase section */
		AD6E6C162BC2A14300CF9D2C /* Frameworks */ = {
			isa = PBXFrameworksBuildPhase;
			buildActionMask = 2147483647;
			files = (
			);
			runOnlyForDeploymentPostprocessing = 0;
		};
/* End PBXFrameworksBuildPhase section */

/* Begin PBXGroup section */
		AD6E6C102BC2A14300CF9D2C = {
			isa = PBXGroup;
			children = (
				AD6E6C1B2BC2A14300CF9D2C /* LearnLogic_oc */,
				AD6E6C1A2BC2A14300CF9D2C /* Products */,
			);
			sourceTree = "<group>";
		};
		AD6E6C1A2BC2A14300CF9D2C /* Products */ = {
			isa = PBXGroup;
			children = (
				AD6E6C192BC2A14300CF9D2C /* LearnLogic_oc */,
			);
			name = Products;
			sourceTree = "<group>";
		};
		AD6E6C1B2BC2A14300CF9D2C /* LearnLogic_oc */ = {
			isa = PBXGroup;
			children = (
				ADE404942BC63AA400F7570A /* LearnLogic */,
				AD6E6C1C2BC2A14300CF9D2C /* main.m */,
			);
			path = LearnLogic_oc;
			sourceTree = "<group>";
		};
		ADE404942BC63AA400F7570A /* LearnLogic */ = {
			isa = PBXGroup;
			children = (
				AD6E6C232BC4E5BC00CF9D2C /* LearnLogic.h */,
				AD6E6C242BC4E5BC00CF9D2C /* LearnLogic.m */,
				ADE404952BC63AC700F7570A /* ThreeSum.h */,
				ADE404962BC63AC700F7570A /* ThreeSum.m */,
				ADE4049D2BC6BEBB00F7570A /* ThreeSumClosest.h */,
				ADE4049E2BC6BEBB00F7570A /* ThreeSumClosest.m */,
				ADE404A02BC6C07600F7570A /* BaseTool.h */,
				ADE404A12BC6C07600F7570A /* BaseTool.m */,
				ADE404A52BC7E82100F7570A /* NumIsland.h */,
				ADE404A62BC7E82100F7570A /* NumIsland.m */,
			);
			path = LearnLogic;
			sourceTree = "<group>";
		};
/* End PBXGroup section */

/* Begin PBXNativeTarget section */
		AD6E6C182BC2A14300CF9D2C /* LearnLogic_oc */ = {
			isa = PBXNativeTarget;
			buildConfigurationList = AD6E6C202BC2A14300CF9D2C /* Build configuration list for PBXNativeTarget "LearnLogic_oc" */;
			buildPhases = (
				AD6E6C152BC2A14300CF9D2C /* Sources */,
				AD6E6C162BC2A14300CF9D2C /* Frameworks */,
				AD6E6C172BC2A14300CF9D2C /* CopyFiles */,
			);
			buildRules = (
			);
			dependencies = (
			);
			name = LearnLogic_oc;
			productName = LearnLogic_oc;
			productReference = AD6E6C192BC2A14300CF9D2C /* LearnLogic_oc */;
			productType = "com.apple.product-type.tool";
		};
/* End PBXNativeTarget section */

/* Begin PBXProject section */
		AD6E6C112BC2A14300CF9D2C /* Project object */ = {
			isa = PBXProject;
			attributes = {
				BuildIndependentTargetsInParallel = 1;
				LastUpgradeCheck = 1530;
				TargetAttributes = {
					AD6E6C182BC2A14300CF9D2C = {
						CreatedOnToolsVersion = 15.3;
					};
				};
			};
			buildConfigurationList = AD6E6C142BC2A14300CF9D2C /* Build configuration list for PBXProject "LearnLogic_oc" */;
			compatibilityVersion = "Xcode 14.0";
			developmentRegion = en;
			hasScannedForEncodings = 0;
			knownRegions = (
				en,
				Base,
			);
			mainGroup = AD6E6C102BC2A14300CF9D2C;
			productRefGroup = AD6E6C1A2BC2A14300CF9D2C /* Products */;
			projectDirPath = "";
			projectRoot = "";
			targets = (
				AD6E6C182BC2A14300CF9D2C /* LearnLogic_oc */,
			);
		};
/* End PBXProject section */

/* Begin PBXSourcesBuildPhase section */
		AD6E6C152BC2A14300CF9D2C /* Sources */ = {
			isa = PBXSourcesBuildPhase;
			buildActionMask = 2147483647;
			files = (
				ADE404972BC63AC700F7570A /* ThreeSum.m in Sources */,
				ADE404A72BC7E82100F7570A /* NumIsland.m in Sources */,
				AD6E6C1D2BC2A14300CF9D2C /* main.m in Sources */,
				ADE404A22BC6C07600F7570A /* BaseTool.m in Sources */,
				ADE4049F2BC6BEBB00F7570A /* ThreeSumClosest.m in Sources */,
				AD6E6C252BC4E5BC00CF9D2C /* LearnLogic.m in Sources */,
			);
			runOnlyForDeploymentPostprocessing = 0;
		};
/* End PBXSourcesBuildPhase section */

/* Begin XCBuildConfiguration section */
		AD6E6C1E2BC2A14300CF9D2C /* Debug */ = {
			isa = XCBuildConfiguration;
			buildSettings = {
				ALWAYS_SEARCH_USER_PATHS = NO;
				ASSETCATALOG_COMPILER_GENERATE_SWIFT_ASSET_SYMBOL_EXTENSIONS = YES;
				CLANG_ANALYZER_NONNULL = YES;
				CLANG_ANALYZER_NUMBER_OBJECT_CONVERSION = YES_AGGRESSIVE;
				CLANG_CXX_LANGUAGE_STANDARD = "gnu++20";
				CLANG_ENABLE_MODULES = YES;
				CLANG_ENABLE_OBJC_ARC = YES;
				CLANG_ENABLE_OBJC_WEAK = YES;
				CLANG_WARN_BLOCK_CAPTURE_AUTORELEASING = YES;
				CLANG_WARN_BOOL_CONVERSION = YES;
				CLANG_WARN_COMMA = YES;
				CLANG_WARN_CONSTANT_CONVERSION = YES;
				CLANG_WARN_DEPRECATED_OBJC_IMPLEMENTATIONS = YES;
				CLANG_WARN_DIRECT_OBJC_ISA_USAGE = YES_ERROR;
				CLANG_WARN_DOCUMENTATION_COMMENTS = YES;
				CLANG_WARN_EMPTY_BODY = YES;
				CLANG_WARN_ENUM_CONVERSION = YES;
				CLANG_WARN_INFINITE_RECURSION = YES;
				CLANG_WARN_INT_CONVERSION = YES;
				CLANG_WARN_NON_LITERAL_NULL_CONVERSION = YES;
				CLANG_WARN_OBJC_IMPLICIT_RETAIN_SELF = YES;
				CLANG_WARN_OBJC_LITERAL_CONVERSION = YES;
				CLANG_WARN_OBJC_ROOT_CLASS = YES_ERROR;
				CLANG_WARN_QUOTED_INCLUDE_IN_FRAMEWORK_HEADER = YES;
				CLANG_WARN_RANGE_LOOP_ANALYSIS = YES;
				CLANG_WARN_STRICT_PROTOTYPES = YES;
				CLANG_WARN_SUSPICIOUS_MOVE = YES;
				CLANG_WARN_UNGUARDED_AVAILABILITY = YES_AGGRESSIVE;
				CLANG_WARN_UNREACHABLE_CODE = YES;
				CLANG_WARN__DUPLICATE_METHOD_MATCH = YES;
				COPY_PHASE_STRIP = NO;
				DEBUG_INFORMATION_FORMAT = dwarf;
				ENABLE_STRICT_OBJC_MSGSEND = YES;
				ENABLE_TESTABILITY = YES;
				ENABLE_USER_SCRIPT_SANDBOXING = YES;
				GCC_C_LANGUAGE_STANDARD = gnu17;
				GCC_DYNAMIC_NO_PIC = NO;
				GCC_NO_COMMON_BLOCKS = YES;
				GCC_OPTIMIZATION_LEVEL = 0;
				GCC_PREPROCESSOR_DEFINITIONS = (
					"DEBUG=1",
					"$(inherited)",
				);
				GCC_WARN_64_TO_32_BIT_CONVERSION = YES;
				GCC_WARN_ABOUT_RETURN_TYPE = YES_ERROR;
				GCC_WARN_UNDECLARED_SELECTOR = YES;
				GCC_WARN_UNINITIALIZED_AUTOS = YES_AGGRESSIVE;
				GCC_WARN_UNUSED_FUNCTION = YES;
				GCC_WARN_UNUSED_VARIABLE = YES;
				LOCALIZATION_PREFERS_STRING_CATALOGS = YES;
				MACOSX_DEPLOYMENT_TARGET = 14.1;
				MTL_ENABLE_DEBUG_INFO = INCLUDE_SOURCE;
				MTL_FAST_MATH = YES;
				ONLY_ACTIVE_ARCH = YES;
				SDKROOT = macosx;
			};
			name = Debug;
		};
		AD6E6C1F2BC2A14300CF9D2C /* Release */ = {
			isa = XCBuildConfiguration;
			buildSettings = {
				ALWAYS_SEARCH_USER_PATHS = NO;
				ASSETCATALOG_COMPILER_GENERATE_SWIFT_ASSET_SYMBOL_EXTENSIONS = YES;
				CLANG_ANALYZER_NONNULL = YES;
				CLANG_ANALYZER_NUMBER_OBJECT_CONVERSION = YES_AGGRESSIVE;
				CLANG_CXX_LANGUAGE_STANDARD = "gnu++20";
				CLANG_ENABLE_MODULES = YES;
				CLANG_ENABLE_OBJC_ARC = YES;
				CLANG_ENABLE_OBJC_WEAK = YES;
				CLANG_WARN_BLOCK_CAPTURE_AUTORELEASING = YES;
				CLANG_WARN_BOOL_CONVERSION = YES;
				CLANG_WARN_COMMA = YES;
				CLANG_WARN_CONSTANT_CONVERSION = YES;
				CLANG_WARN_DEPRECATED_OBJC_IMPLEMENTATIONS = YES;
				CLANG_WARN_DIRECT_OBJC_ISA_USAGE = YES_ERROR;
				CLANG_WARN_DOCUMENTATION_COMMENTS = YES;
				CLANG_WARN_EMPTY_BODY = YES;
				CLANG_WARN_ENUM_CONVERSION = YES;
				CLANG_WARN_INFINITE_RECURSION = YES;
				CLANG_WARN_INT_CONVERSION = YES;
				CLANG_WARN_NON_LITERAL_NULL_CONVERSION = YES;
				CLANG_WARN_OBJC_IMPLICIT_RETAIN_SELF = YES;
				CLANG_WARN_OBJC_LITERAL_CONVERSION = YES;
				CLANG_WARN_OBJC_ROOT_CLASS = YES_ERROR;
				CLANG_WARN_QUOTED_INCLUDE_IN_FRAMEWORK_HEADER = YES;
				CLANG_WARN_RANGE_LOOP_ANALYSIS = YES;
				CLANG_WARN_STRICT_PROTOTYPES = YES;
				CLANG_WARN_SUSPICIOUS_MOVE = YES;
				CLANG_WARN_UNGUARDED_AVAILABILITY = YES_AGGRESSIVE;
				CLANG_WARN_UNREACHABLE_CODE = YES;
				CLANG_WARN__DUPLICATE_METHOD_MATCH = YES;
				COPY_PHASE_STRIP = NO;
				DEBUG_INFORMATION_FORMAT = "dwarf-with-dsym";
				ENABLE_NS_ASSERTIONS = NO;
				ENABLE_STRICT_OBJC_MSGSEND = YES;
				ENABLE_USER_SCRIPT_SANDBOXING = YES;
				GCC_C_LANGUAGE_STANDARD = gnu17;
				GCC_NO_COMMON_BLOCKS = YES;
				GCC_WARN_64_TO_32_BIT_CONVERSION = YES;
				GCC_WARN_ABOUT_RETURN_TYPE = YES_ERROR;
				GCC_WARN_UNDECLARED_SELECTOR = YES;
				GCC_WARN_UNINITIALIZED_AUTOS = YES_AGGRESSIVE;
				GCC_WARN_UNUSED_FUNCTION = YES;
				GCC_WARN_UNUSED_VARIABLE = YES;
				LOCALIZATION_PREFERS_STRING_CATALOGS = YES;
				MACOSX_DEPLOYMENT_TARGET = 14.1;
				MTL_ENABLE_DEBUG_INFO = NO;
				MTL_FAST_MATH = YES;
				SDKROOT = macosx;
			};
			name = Release;
		};
		AD6E6C212BC2A14300CF9D2C /* Debug */ = {
			isa = XCBuildConfiguration;
			buildSettings = {
				CODE_SIGN_STYLE = Automatic;
				PRODUCT_NAME = "$(TARGET_NAME)";
			};
			name = Debug;
		};
		AD6E6C222BC2A14300CF9D2C /* Release */ = {
			isa = XCBuildConfiguration;
			buildSettings = {
				CODE_SIGN_STYLE = Automatic;
				PRODUCT_NAME = "$(TARGET_NAME)";
			};
			name = Release;
		};
/* End XCBuildConfiguration section */

/* Begin XCConfigurationList section */
		AD6E6C142BC2A14300CF9D2C /* Build configuration list for PBXProject "LearnLogic_oc" */ = {
			isa = XCConfigurationList;
			buildConfigurations = (
				AD6E6C1E2BC2A14300CF9D2C /* Debug */,
				AD6E6C1F2BC2A14300CF9D2C /* Release */,
			);
			defaultConfigurationIsVisible = 0;
			defaultConfigurationName = Release;
		};
		AD6E6C202BC2A14300CF9D2C /* Build configuration list for PBXNativeTarget "LearnLogic_oc" */ = {
			isa = XCConfigurationList;
			buildConfigurations = (
				AD6E6C212BC2A14300CF9D2C /* Debug */,
				AD6E6C222BC2A14300CF9D2C /* Release */,
			);
			defaultConfigurationIsVisible = 0;
			defaultConfigurationName = Release;
		};
/* End XCConfigurationList section */
	};
	rootObject = AD6E6C112BC2A14300CF9D2C /* Project object */;
}
